{
  "name": "yasls",
  "version": "1.0.0",
  "lockfileVersion": 1,
  "requires": true,
  "dependencies": {
    "moment": {
      "version": "2.22.2",
      "resolved": "https://registry.npmjs.org/moment/-/moment-2.22.2.tgz",
      "integrity": "sha1-PCV/mDn8DpP/UxSWMiOeuQeD/2Y="
    },
    "nats": {
      "version": "1.0.0",
      "resolved": "https://registry.npmjs.org/nats/-/nats-1.0.0.tgz",
      "integrity": "sha512-OUGyBCgmJEYYFnGTXP48OPTwuybq/K4udgygUxjMIYnc2F6Va/1ElHlVVr1tmjSme4f5KwCFWVpHoN5+s2yBiw==",
      "requires": {
        "nuid": "^1.0.0"
      }
    },
    "nuid": {
      "version": "1.0.0",
      "resolved": "https://registry.npmjs.org/nuid/-/nuid-1.0.0.tgz",
      "integrity": "sha512-046ukkoG8NXjiJMpQYLpGhYJIXJlClt2rDlnubCXN1/pztO/YTD2WkhyBZsEADsUwVtVMv5UmC0B2QrT5sZiDQ=="
    }
  }
}
